
Microsoft Visual Studio Solution File, Format Version 12.00
# Visual Studio Version 16
VisualStudioVersion = 16.0.30114.105
MinimumVisualStudioVersion = 10.0.40219.1
Project("{FAE04EC0-301F-11D3-BF4B-00C04F79EFBC}") = "API", "API\API.csproj", "{F7E70404-09C7-40BA-A822-FA7CD6999218}"
EndProject
Project("{FAE04EC0-301F-11D3-BF4B-00C04F79EFBC}") = "Application", "Application\Application.csproj", "{40939878-297A-4691-BC4B-951B641372A7}"
EndProject
Project("{FAE04EC0-301F-11D3-BF4B-00C04F79EFBC}") = "Domain", "Domain\Domain.csproj", "{0558FF66-5935-4314-9148-C0833B6206D7}"
EndProject
Project("{FAE04EC0-301F-11D3-BF4B-00C04F79EFBC}") = "Persistence", "Persistence\Persistence.csproj", "{CBC1072E-7830-40D4-9D27-11DCA63F9635}"
EndProject
Global
	GlobalSection(SolutionConfigurationPlatforms) = preSolution
		Debug|Any CPU = Debug|Any CPU
		Release|Any CPU = Release|Any CPU
	EndGlobalSection
	GlobalSection(SolutionProperties) = preSolution
		HideSolutionNode = FALSE
	EndGlobalSection
	GlobalSection(ProjectConfigurationPlatforms) = postSolution
		{F7E70404-09C7-40BA-A822-FA7CD6999218}.Debug|Any CPU.ActiveCfg = Debug|Any CPU
		{F7E70404-09C7-40BA-A822-FA7CD6999218}.Debug|Any CPU.Build.0 = Debug|Any CPU
		{F7E70404-09C7-40BA-A822-FA7CD6999218}.Release|Any CPU.ActiveCfg = Release|Any CPU
		{F7E70404-09C7-40BA-A822-FA7CD6999218}.Release|Any CPU.Build.0 = Release|Any CPU
		{40939878-297A-4691-BC4B-951B641372A7}.Debug|Any CPU.ActiveCfg = Debug|Any CPU
		{40939878-297A-4691-BC4B-951B641372A7}.Debug|Any CPU.Build.0 = Debug|Any CPU
		{40939878-297A-4691-BC4B-951B641372A7}.Release|Any CPU.ActiveCfg = Release|Any CPU
		{40939878-297A-4691-BC4B-951B641372A7}.Release|Any CPU.Build.0 = Release|Any CPU
		{0558FF66-5935-4314-9148-C0833B6206D7}.Debug|Any CPU.ActiveCfg = Debug|Any CPU
		{0558FF66-5935-4314-9148-C0833B6206D7}.Debug|Any CPU.Build.0 = Debug|Any CPU
		{0558FF66-5935-4314-9148-C0833B6206D7}.Release|Any CPU.ActiveCfg = Release|Any CPU
		{0558FF66-5935-4314-9148-C0833B6206D7}.Release|Any CPU.Build.0 = Release|Any CPU
		{CBC1072E-7830-40D4-9D27-11DCA63F9635}.Debug|Any CPU.ActiveCfg = Debug|Any CPU
		{CBC1072E-7830-40D4-9D27-11DCA63F9635}.Debug|Any CPU.Build.0 = Debug|Any CPU
		{CBC1072E-7830-40D4-9D27-11DCA63F9635}.Release|Any CPU.ActiveCfg = Release|Any CPU
		{CBC1072E-7830-40D4-9D27-11DCA63F9635}.Release|Any CPU.Build.0 = Release|Any CPU
	EndGlobalSection
EndGlobal
